
Microsoft Visual Studio Solution File, Format Version 12.00
# Visual Studio Version 16
VisualStudioVersion = 16.0.30804.86
MinimumVisualStudioVersion = 10.0.40219.1
Project("{FAE04EC0-301F-11D3-BF4B-00C04F79EFBC}") = "Sales and Stock", "Stock App\Sales and Stock.csproj", "{5B0C24EE-9FCB-47D8-9D98-CBACDFFF6DE6}"
EndProject
Project("{54435603-DBB4-11D2-8724-00A0C9A8B90C}") = "StockApp", "..\..\..\Desktop\StockAppLast\StockApp\StockApp.vdproj", "{7FD2B3EB-EE0E-4AB7-820B-CAA33D642469}"
EndProject
Global
	GlobalSection(SolutionConfigurationPlatforms) = preSolution
		Debug|Any CPU = Debug|Any CPU
		Release|Any CPU = Release|Any CPU
	EndGlobalSection
	GlobalSection(ProjectConfigurationPlatforms) = postSolution
		{5B0C24EE-9FCB-47D8-9D98-CBACDFFF6DE6}.Debug|Any CPU.ActiveCfg = Debug|Any CPU
		{5B0C24EE-9FCB-47D8-9D98-CBACDFFF6DE6}.Debug|Any CPU.Build.0 = Debug|Any CPU
		{5B0C24EE-9FCB-47D8-9D98-CBACDFFF6DE6}.Release|Any CPU.ActiveCfg = Release|Any CPU
		{5B0C24EE-9FCB-47D8-9D98-CBACDFFF6DE6}.Release|Any CPU.Build.0 = Release|Any CPU
		{7FD2B3EB-EE0E-4AB7-820B-CAA33D642469}.Debug|Any CPU.ActiveCfg = Debug
		{7FD2B3EB-EE0E-4AB7-820B-CAA33D642469}.Release|Any CPU.ActiveCfg = Release
	EndGlobalSection
	GlobalSection(SolutionProperties) = preSolution
		HideSolutionNode = FALSE
	EndGlobalSection
	GlobalSection(ExtensibilityGlobals) = postSolution
		SolutionGuid = {463D9387-A49A-4F56-A25F-C919169FED48}
	EndGlobalSection
EndGlobal
